// !$*UTF8*$!
{
	archiveVersion = 1;
	classes = {
	};
	objectVersion = 52;
	objects = {

/* Begin PBXBuildFile section */
		9832040C28F59E1800B24A50 /* MockData.swift in Sources */ = {isa = PBXBuildFile; fileRef = 9832040B28F59E1800B24A50 /* MockData.swift */; };
		9832040F28F59F1300B24A50 /* FolderCell.swift in Sources */ = {isa = PBXBuildFile; fileRef = 9832040E28F59F1300B24A50 /* FolderCell.swift */; };
		9832041628F701C000B24A50 /* CoreDataManager.swift in Sources */ = {isa = PBXBuildFile; fileRef = 9832041528F701C000B24A50 /* CoreDataManager.swift */; };
		9832041928F70F0700B24A50 /* MyApp.xcdatamodeld in Sources */ = {isa = PBXBuildFile; fileRef = 9832041728F70F0700B24A50 /* MyApp.xcdatamodeld */; };
		9832043E28F71BBD00B24A50 /* Note+CoreDataClass.swift in Sources */ = {isa = PBXBuildFile; fileRef = 9832043A28F71BBD00B24A50 /* Note+CoreDataClass.swift */; };
		9832043F28F71BBD00B24A50 /* Note+CoreDataProperties.swift in Sources */ = {isa = PBXBuildFile; fileRef = 9832043B28F71BBD00B24A50 /* Note+CoreDataProperties.swift */; };
		9832044028F71BBD00B24A50 /* Folder+CoreDataClass.swift in Sources */ = {isa = PBXBuildFile; fileRef = 9832043C28F71BBD00B24A50 /* Folder+CoreDataClass.swift */; };
		9832044128F71BBD00B24A50 /* Folder+CoreDataProperties.swift in Sources */ = {isa = PBXBuildFile; fileRef = 9832043D28F71BBD00B24A50 /* Folder+CoreDataProperties.swift */; };
		9832044328F82B0600B24A50 /* FolderService.swift in Sources */ = {isa = PBXBuildFile; fileRef = 9832044228F82B0600B24A50 /* FolderService.swift */; };
		9832044628F82E9D00B24A50 /* Date+Ext.swift in Sources */ = {isa = PBXBuildFile; fileRef = 9832044528F82E9D00B24A50 /* Date+Ext.swift */; };
		9832044828F830DF00B24A50 /* FolderViewModel.swift in Sources */ = {isa = PBXBuildFile; fileRef = 9832044728F830DF00B24A50 /* FolderViewModel.swift */; };
		987C271B2902BF2100A19A97 /* AddFloatingButton.swift in Sources */ = {isa = PBXBuildFile; fileRef = 987C271A2902BF2100A19A97 /* AddFloatingButton.swift */; };
		987C271D2906B54200A19A97 /* UserDefaultsManager.swift in Sources */ = {isa = PBXBuildFile; fileRef = 987C271C2906B54200A19A97 /* UserDefaultsManager.swift */; };
		987C271F2906B72200A19A97 /* String+Ext.swift in Sources */ = {isa = PBXBuildFile; fileRef = 987C271E2906B72200A19A97 /* String+Ext.swift */; };
		989A93BD28F98077007C0979 /* NoteService.swift in Sources */ = {isa = PBXBuildFile; fileRef = 989A93BC28F98077007C0979 /* NoteService.swift */; };
		989A93BF28F98535007C0979 /* NoteViewModel.swift in Sources */ = {isa = PBXBuildFile; fileRef = 989A93BE28F98535007C0979 /* NoteViewModel.swift */; };
		98A3DFEF2909F58A00D055F8 /* BottomSheet in Frameworks */ = {isa = PBXBuildFile; productRef = 98A3DFEE2909F58A00D055F8 /* BottomSheet */; };
		98A3DFF1290AAD1700D055F8 /* FolderOptionsVC.swift in Sources */ = {isa = PBXBuildFile; fileRef = 98A3DFF0290AAD1700D055F8 /* FolderOptionsVC.swift */; };
		98A3DFF3290AB6C500D055F8 /* FolderOptionCell.swift in Sources */ = {isa = PBXBuildFile; fileRef = 98A3DFF2290AB6C500D055F8 /* FolderOptionCell.swift */; };
		98A3DFF5290AC00200D055F8 /* UIButton+Ext.swift in Sources */ = {isa = PBXBuildFile; fileRef = 98A3DFF4290AC00200D055F8 /* UIButton+Ext.swift */; };
		98BEA9DE28F89B87001E81A4 /* CategoryTypeCell.swift in Sources */ = {isa = PBXBuildFile; fileRef = 98BEA9DD28F89B87001E81A4 /* CategoryTypeCell.swift */; };
		98C29D4328F2E9460054F286 /* AppDelegate.swift in Sources */ = {isa = PBXBuildFile; fileRef = 98C29D4228F2E9460054F286 /* AppDelegate.swift */; };
		98C29D4528F2E9460054F286 /* SceneDelegate.swift in Sources */ = {isa = PBXBuildFile; fileRef = 98C29D4428F2E9460054F286 /* SceneDelegate.swift */; };
		98C29D4728F2E9460054F286 /* FolderVC.swift in Sources */ = {isa = PBXBuildFile; fileRef = 98C29D4628F2E9460054F286 /* FolderVC.swift */; };
		98C29D4C28F2E94A0054F286 /* Assets.xcassets in Resources */ = {isa = PBXBuildFile; fileRef = 98C29D4B28F2E94A0054F286 /* Assets.xcassets */; };
		98C29D4F28F2E94A0054F286 /* LaunchScreen.storyboard in Resources */ = {isa = PBXBuildFile; fileRef = 98C29D4D28F2E94A0054F286 /* LaunchScreen.storyboard */; };
		98C29D5C28F2EA0B0054F286 /* UIView+Ext.swift in Sources */ = {isa = PBXBuildFile; fileRef = 98C29D5B28F2EA0B0054F286 /* UIView+Ext.swift */; };
		98C29D5E28F2EA300054F286 /* AddFolderVC.swift in Sources */ = {isa = PBXBuildFile; fileRef = 98C29D5D28F2EA300054F286 /* AddFolderVC.swift */; };
		98C29D6028F2EA5C0054F286 /* NotesVC.swift in Sources */ = {isa = PBXBuildFile; fileRef = 98C29D5F28F2EA5C0054F286 /* NotesVC.swift */; };
		98C29D6228F2EA790054F286 /* NoteDetailsVC.swift in Sources */ = {isa = PBXBuildFile; fileRef = 98C29D6128F2EA790054F286 /* NoteDetailsVC.swift */; };
		98C29D6828F2EB640054F286 /* Font.swift in Sources */ = {isa = PBXBuildFile; fileRef = 98C29D6728F2EB640054F286 /* Font.swift */; };
		98C29D6A28F2EB6E0054F286 /* Color.swift in Sources */ = {isa = PBXBuildFile; fileRef = 98C29D6928F2EB6E0054F286 /* Color.swift */; };
		98C29D7128F2EBBB0054F286 /* EuclidCircularB_Bold.ttf in Resources */ = {isa = PBXBuildFile; fileRef = 98C29D6C28F2EBBA0054F286 /* EuclidCircularB_Bold.ttf */; };
		98C29D7228F2EBBB0054F286 /* EuclidCircularB_SemiBold.ttf in Resources */ = {isa = PBXBuildFile; fileRef = 98C29D6D28F2EBBA0054F286 /* EuclidCircularB_SemiBold.ttf */; };
		98C29D7328F2EBBB0054F286 /* EuclidCircularB_Light.ttf in Resources */ = {isa = PBXBuildFile; fileRef = 98C29D6E28F2EBBB0054F286 /* EuclidCircularB_Light.ttf */; };
		98C29D7428F2EBBB0054F286 /* EuclidCircularB_Regular.ttf in Resources */ = {isa = PBXBuildFile; fileRef = 98C29D6F28F2EBBB0054F286 /* EuclidCircularB_Regular.ttf */; };
		98C29D7528F2EBBB0054F286 /* EuclidCircularB_Medium.ttf in Resources */ = {isa = PBXBuildFile; fileRef = 98C29D7028F2EBBB0054F286 /* EuclidCircularB_Medium.ttf */; };
		98C29D7828F2EE3A0054F286 /* PasswordVC.swift in Sources */ = {isa = PBXBuildFile; fileRef = 98C29D7728F2EE3A0054F286 /* PasswordVC.swift */; };
		98C29D7A28F2EFAE0054F286 /* NameVC.swift in Sources */ = {isa = PBXBuildFile; fileRef = 98C29D7928F2EFAE0054F286 /* NameVC.swift */; };
		98C29D7E28F2F9D70054F286 /* NTextField.swift in Sources */ = {isa = PBXBuildFile; fileRef = 98C29D7D28F2F9D70054F286 /* NTextField.swift */; };
		98C29D8028F41B830054F286 /* NButton.swift in Sources */ = {isa = PBXBuildFile; fileRef = 98C29D7F28F41B830054F286 /* NButton.swift */; };
		98C29D8228F41DA70054F286 /* UILabel+Ext.swift in Sources */ = {isa = PBXBuildFile; fileRef = 98C29D8128F41DA70054F286 /* UILabel+Ext.swift */; };
		98C29D8628F43AB30054F286 /* NumberPadCell.swift in Sources */ = {isa = PBXBuildFile; fileRef = 98C29D8528F43AB30054F286 /* NumberPadCell.swift */; };
		98C29D8928F43B130054F286 /* NumberPad.swift in Sources */ = {isa = PBXBuildFile; fileRef = 98C29D8828F43B130054F286 /* NumberPad.swift */; };
		98C29D8B28F490F60054F286 /* PinImage.swift in Sources */ = {isa = PBXBuildFile; fileRef = 98C29D8A28F490F60054F286 /* PinImage.swift */; };
		98D50C782901AAA400674DAE /* NoteCollectionCell.swift in Sources */ = {isa = PBXBuildFile; fileRef = 98D50C772901AAA400674DAE /* NoteCollectionCell.swift */; };
		98FC0F25290C7CC100158562 /* EditFolderVC.swift in Sources */ = {isa = PBXBuildFile; fileRef = 98FC0F24290C7CC000158562 /* EditFolderVC.swift */; };
/* End PBXBuildFile section */

/* Begin PBXFileReference section */
		9832040B28F59E1800B24A50 /* MockData.swift */ = {isa = PBXFileReference; lastKnownFileType = sourcecode.swift; path = MockData.swift; sourceTree = "<group>"; };
		9832040E28F59F1300B24A50 /* FolderCell.swift */ = {isa = PBXFileReference; lastKnownFileType = sourcecode.swift; path = FolderCell.swift; sourceTree = "<group>"; };
		9832041528F701C000B24A50 /* CoreDataManager.swift */ = {isa = PBXFileReference; lastKnownFileType = sourcecode.swift; path = CoreDataManager.swift; sourceTree = "<group>"; };
		9832041828F70F0700B24A50 /* MyApp.xcdatamodel */ = {isa = PBXFileReference; lastKnownFileType = wrapper.xcdatamodel; path = MyApp.xcdatamodel; sourceTree = "<group>"; };
		9832043A28F71BBD00B24A50 /* Note+CoreDataClass.swift */ = {isa = PBXFileReference; lastKnownFileType = sourcecode.swift; path = "Note+CoreDataClass.swift"; sourceTree = "<group>"; };
		9832043B28F71BBD00B24A50 /* Note+CoreDataProperties.swift */ = {isa = PBXFileReference; lastKnownFileType = sourcecode.swift; path = "Note+CoreDataProperties.swift"; sourceTree = "<group>"; };
		9832043C28F71BBD00B24A50 /* Folder+CoreDataClass.swift */ = {isa = PBXFileReference; lastKnownFileType = sourcecode.swift; path = "Folder+CoreDataClass.swift"; sourceTree = "<group>"; };
		9832043D28F71BBD00B24A50 /* Folder+CoreDataProperties.swift */ = {isa = PBXFileReference; lastKnownFileType = sourcecode.swift; path = "Folder+CoreDataProperties.swift"; sourceTree = "<group>"; };
		9832044228F82B0600B24A50 /* FolderService.swift */ = {isa = PBXFileReference; lastKnownFileType = sourcecode.swift; path = FolderService.swift; sourceTree = "<group>"; };
		9832044528F82E9D00B24A50 /* Date+Ext.swift */ = {isa = PBXFileReference; lastKnownFileType = sourcecode.swift; path = "Date+Ext.swift"; sourceTree = "<group>"; };
		9832044728F830DF00B24A50 /* FolderViewModel.swift */ = {isa = PBXFileReference; lastKnownFileType = sourcecode.swift; path = FolderViewModel.swift; sourceTree = "<group>"; };
		987C271A2902BF2100A19A97 /* AddFloatingButton.swift */ = {isa = PBXFileReference; lastKnownFileType = sourcecode.swift; path = AddFloatingButton.swift; sourceTree = "<group>"; };
		987C271C2906B54200A19A97 /* UserDefaultsManager.swift */ = {isa = PBXFileReference; lastKnownFileType = sourcecode.swift; path = UserDefaultsManager.swift; sourceTree = "<group>"; };
		987C271E2906B72200A19A97 /* String+Ext.swift */ = {isa = PBXFileReference; lastKnownFileType = sourcecode.swift; path = "String+Ext.swift"; sourceTree = "<group>"; };
		989A93BC28F98077007C0979 /* NoteService.swift */ = {isa = PBXFileReference; lastKnownFileType = sourcecode.swift; path = NoteService.swift; sourceTree = "<group>"; };
		989A93BE28F98535007C0979 /* NoteViewModel.swift */ = {isa = PBXFileReference; lastKnownFileType = sourcecode.swift; path = NoteViewModel.swift; sourceTree = "<group>"; };
		98A3DFF0290AAD1700D055F8 /* FolderOptionsVC.swift */ = {isa = PBXFileReference; lastKnownFileType = sourcecode.swift; path = FolderOptionsVC.swift; sourceTree = "<group>"; };
		98A3DFF2290AB6C500D055F8 /* FolderOptionCell.swift */ = {isa = PBXFileReference; lastKnownFileType = sourcecode.swift; path = FolderOptionCell.swift; sourceTree = "<group>"; };
		98A3DFF4290AC00200D055F8 /* UIButton+Ext.swift */ = {isa = PBXFileReference; lastKnownFileType = sourcecode.swift; path = "UIButton+Ext.swift"; sourceTree = "<group>"; };
		98BEA9DD28F89B87001E81A4 /* CategoryTypeCell.swift */ = {isa = PBXFileReference; lastKnownFileType = sourcecode.swift; path = CategoryTypeCell.swift; sourceTree = "<group>"; };
		98C29D3F28F2E9460054F286 /* Notes-Clone.app */ = {isa = PBXFileReference; explicitFileType = wrapper.application; includeInIndex = 0; path = "Notes-Clone.app"; sourceTree = BUILT_PRODUCTS_DIR; };
		98C29D4228F2E9460054F286 /* AppDelegate.swift */ = {isa = PBXFileReference; lastKnownFileType = sourcecode.swift; path = AppDelegate.swift; sourceTree = "<group>"; };
		98C29D4428F2E9460054F286 /* SceneDelegate.swift */ = {isa = PBXFileReference; lastKnownFileType = sourcecode.swift; path = SceneDelegate.swift; sourceTree = "<group>"; };
		98C29D4628F2E9460054F286 /* FolderVC.swift */ = {isa = PBXFileReference; lastKnownFileType = sourcecode.swift; path = FolderVC.swift; sourceTree = "<group>"; };
		98C29D4B28F2E94A0054F286 /* Assets.xcassets */ = {isa = PBXFileReference; lastKnownFileType = folder.assetcatalog; path = Assets.xcassets; sourceTree = "<group>"; };
		98C29D4E28F2E94A0054F286 /* Base */ = {isa = PBXFileReference; lastKnownFileType = file.storyboard; name = Base; path = Base.lproj/LaunchScreen.storyboard; sourceTree = "<group>"; };
		98C29D5028F2E94A0054F286 /* Info.plist */ = {isa = PBXFileReference; lastKnownFileType = text.plist.xml; path = Info.plist; sourceTree = "<group>"; };
		98C29D5B28F2EA0B0054F286 /* UIView+Ext.swift */ = {isa = PBXFileReference; lastKnownFileType = sourcecode.swift; path = "UIView+Ext.swift"; sourceTree = "<group>"; };
		98C29D5D28F2EA300054F286 /* AddFolderVC.swift */ = {isa = PBXFileReference; lastKnownFileType = sourcecode.swift; path = AddFolderVC.swift; sourceTree = "<group>"; };
		98C29D5F28F2EA5C0054F286 /* NotesVC.swift */ = {isa = PBXFileReference; lastKnownFileType = sourcecode.swift; path = NotesVC.swift; sourceTree = "<group>"; };
		98C29D6128F2EA790054F286 /* NoteDetailsVC.swift */ = {isa = PBXFileReference; lastKnownFileType = sourcecode.swift; path = NoteDetailsVC.swift; sourceTree = "<group>"; };
		98C29D6728F2EB640054F286 /* Font.swift */ = {isa = PBXFileReference; lastKnownFileType = sourcecode.swift; path = Font.swift; sourceTree = "<group>"; };
		98C29D6928F2EB6E0054F286 /* Color.swift */ = {isa = PBXFileReference; lastKnownFileType = sourcecode.swift; path = Color.swift; sourceTree = "<group>"; };
		98C29D6C28F2EBBA0054F286 /* EuclidCircularB_Bold.ttf */ = {isa = PBXFileReference; lastKnownFileType = file; path = EuclidCircularB_Bold.ttf; sourceTree = "<group>"; };
		98C29D6D28F2EBBA0054F286 /* EuclidCircularB_SemiBold.ttf */ = {isa = PBXFileReference; lastKnownFileType = file; path = EuclidCircularB_SemiBold.ttf; sourceTree = "<group>"; };
		98C29D6E28F2EBBB0054F286 /* EuclidCircularB_Light.ttf */ = {isa = PBXFileReference; lastKnownFileType = file; path = EuclidCircularB_Light.ttf; sourceTree = "<group>"; };
		98C29D6F28F2EBBB0054F286 /* EuclidCircularB_Regular.ttf */ = {isa = PBXFileReference; lastKnownFileType = file; path = EuclidCircularB_Regular.ttf; sourceTree = "<group>"; };
		98C29D7028F2EBBB0054F286 /* EuclidCircularB_Medium.ttf */ = {isa = PBXFileReference; lastKnownFileType = file; path = EuclidCircularB_Medium.ttf; sourceTree = "<group>"; };
		98C29D7728F2EE3A0054F286 /* PasswordVC.swift */ = {isa = PBXFileReference; lastKnownFileType = sourcecode.swift; path = PasswordVC.swift; sourceTree = "<group>"; };
		98C29D7928F2EFAE0054F286 /* NameVC.swift */ = {isa = PBXFileReference; lastKnownFileType = sourcecode.swift; path = NameVC.swift; sourceTree = "<group>"; };
		98C29D7D28F2F9D70054F286 /* NTextField.swift */ = {isa = PBXFileReference; lastKnownFileType = sourcecode.swift; path = NTextField.swift; sourceTree = "<group>"; };
		98C29D7F28F41B830054F286 /* NButton.swift */ = {isa = PBXFileReference; lastKnownFileType = sourcecode.swift; path = NButton.swift; sourceTree = "<group>"; };
		98C29D8128F41DA70054F286 /* UILabel+Ext.swift */ = {isa = PBXFileReference; lastKnownFileType = sourcecode.swift; path = "UILabel+Ext.swift"; sourceTree = "<group>"; };
		98C29D8528F43AB30054F286 /* NumberPadCell.swift */ = {isa = PBXFileReference; lastKnownFileType = sourcecode.swift; path = NumberPadCell.swift; sourceTree = "<group>"; };
		98C29D8828F43B130054F286 /* NumberPad.swift */ = {isa = PBXFileReference; lastKnownFileType = sourcecode.swift; path = NumberPad.swift; sourceTree = "<group>"; };
		98C29D8A28F490F60054F286 /* PinImage.swift */ = {isa = PBXFileReference; lastKnownFileType = sourcecode.swift; path = PinImage.swift; sourceTree = "<group>"; };
		98D50C772901AAA400674DAE /* NoteCollectionCell.swift */ = {isa = PBXFileReference; lastKnownFileType = sourcecode.swift; path = NoteCollectionCell.swift; sourceTree = "<group>"; };
		98FC0F24290C7CC000158562 /* EditFolderVC.swift */ = {isa = PBXFileReference; lastKnownFileType = sourcecode.swift; path = EditFolderVC.swift; sourceTree = "<group>"; };
/* End PBXFileReference section */

/* Begin PBXFrameworksBuildPhase section */
		98C29D3C28F2E9450054F286 /* Frameworks */ = {
			isa = PBXFrameworksBuildPhase;
			buildActionMask = 2147483647;
			files = (
				98A3DFEF2909F58A00D055F8 /* BottomSheet in Frameworks */,
			);
			runOnlyForDeploymentPostprocessing = 0;
		};
/* End PBXFrameworksBuildPhase section */

/* Begin PBXGroup section */
		9832040D28F59EFB00B24A50 /* Folder */ = {
			isa = PBXGroup;
			children = (
				9832040E28F59F1300B24A50 /* FolderCell.swift */,
				98BEA9DD28F89B87001E81A4 /* CategoryTypeCell.swift */,
				98D50C772901AAA400674DAE /* NoteCollectionCell.swift */,
				98A3DFF2290AB6C500D055F8 /* FolderOptionCell.swift */,
			);
			path = Folder;
			sourceTree = "<group>";
		};
		9832041328F6D79C00B24A50 /* Auth */ = {
			isa = PBXGroup;
			children = (
				98C29D8528F43AB30054F286 /* NumberPadCell.swift */,
			);
			path = Auth;
			sourceTree = "<group>";
		};
		9832041428F6D98300B24A50 /* Manager */ = {
			isa = PBXGroup;
			children = (
				9832041528F701C000B24A50 /* CoreDataManager.swift */,
				9832044228F82B0600B24A50 /* FolderService.swift */,
				989A93BC28F98077007C0979 /* NoteService.swift */,
				987C271C2906B54200A19A97 /* UserDefaultsManager.swift */,
			);
			path = Manager;
			sourceTree = "<group>";
		};
		9832044428F82E6400B24A50 /* ViewModel */ = {
			isa = PBXGroup;
			children = (
				9832044728F830DF00B24A50 /* FolderViewModel.swift */,
				989A93BE28F98535007C0979 /* NoteViewModel.swift */,
			);
			path = ViewModel;
			sourceTree = "<group>";
		};
		98C29D3628F2E9450054F286 = {
			isa = PBXGroup;
			children = (
				98C29D4128F2E9460054F286 /* Notes-Clone */,
				98C29D4028F2E9460054F286 /* Products */,
			);
			sourceTree = "<group>";
		};
		98C29D4028F2E9460054F286 /* Products */ = {
			isa = PBXGroup;
			children = (
				98C29D3F28F2E9460054F286 /* Notes-Clone.app */,
			);
			name = Products;
			sourceTree = "<group>";
		};
		98C29D4128F2E9460054F286 /* Notes-Clone */ = {
			isa = PBXGroup;
			children = (
				9832044428F82E6400B24A50 /* ViewModel */,
				9832041428F6D98300B24A50 /* Manager */,
				98C29D8728F43B040054F286 /* Models */,
				98C29D6B28F2EBA30054F286 /* Fonts */,
				98C29D5A28F2E9F70054F286 /* Extensions */,
				98C29D5928F2E9E10054F286 /* Constants */,
				98C29D5828F2E9D90054F286 /* Cells */,
				98C29D5728F2E9D50054F286 /* Views */,
				98C29D5628F2E9CF0054F286 /* Controllers */,
				98C29D4228F2E9460054F286 /* AppDelegate.swift */,
				98C29D4428F2E9460054F286 /* SceneDelegate.swift */,
				98C29D4B28F2E94A0054F286 /* Assets.xcassets */,
				98C29D4D28F2E94A0054F286 /* LaunchScreen.storyboard */,
				98C29D5028F2E94A0054F286 /* Info.plist */,
			);
			path = "Notes-Clone";
			sourceTree = "<group>";
		};
		98C29D5628F2E9CF0054F286 /* Controllers */ = {
			isa = PBXGroup;
			children = (
				98C29D7628F2EE240054F286 /* Auth */,
				98C29D6428F2EA870054F286 /* Note */,
				98C29D6328F2EA820054F286 /* Folder */,
			);
			path = Controllers;
			sourceTree = "<group>";
		};
		98C29D5728F2E9D50054F286 /* Views */ = {
			isa = PBXGroup;
			children = (
				98C29D7D28F2F9D70054F286 /* NTextField.swift */,
				98C29D7F28F41B830054F286 /* NButton.swift */,
				98C29D8A28F490F60054F286 /* PinImage.swift */,
				987C271A2902BF2100A19A97 /* AddFloatingButton.swift */,
			);
			path = Views;
			sourceTree = "<group>";
		};
		98C29D5828F2E9D90054F286 /* Cells */ = {
			isa = PBXGroup;
			children = (
				9832041328F6D79C00B24A50 /* Auth */,
				9832040D28F59EFB00B24A50 /* Folder */,
			);
			path = Cells;
			sourceTree = "<group>";
		};
		98C29D5928F2E9E10054F286 /* Constants */ = {
			isa = PBXGroup;
			children = (
				98C29D6728F2EB640054F286 /* Font.swift */,
				98C29D6928F2EB6E0054F286 /* Color.swift */,
			);
			path = Constants;
			sourceTree = "<group>";
		};
		98C29D5A28F2E9F70054F286 /* Extensions */ = {
			isa = PBXGroup;
			children = (
				98C29D5B28F2EA0B0054F286 /* UIView+Ext.swift */,
				98C29D8128F41DA70054F286 /* UILabel+Ext.swift */,
				9832044528F82E9D00B24A50 /* Date+Ext.swift */,
				987C271E2906B72200A19A97 /* String+Ext.swift */,
				98A3DFF4290AC00200D055F8 /* UIButton+Ext.swift */,
			);
			path = Extensions;
			sourceTree = "<group>";
		};
		98C29D6328F2EA820054F286 /* Folder */ = {
			isa = PBXGroup;
			children = (
				98C29D4628F2E9460054F286 /* FolderVC.swift */,
				98C29D5D28F2EA300054F286 /* AddFolderVC.swift */,
				98A3DFF0290AAD1700D055F8 /* FolderOptionsVC.swift */,
				98FC0F24290C7CC000158562 /* EditFolderVC.swift */,
			);
			path = Folder;
			sourceTree = "<group>";
		};
		98C29D6428F2EA870054F286 /* Note */ = {
			isa = PBXGroup;
			children = (
				98C29D5F28F2EA5C0054F286 /* NotesVC.swift */,
				98C29D6128F2EA790054F286 /* NoteDetailsVC.swift */,
			);
			path = Note;
			sourceTree = "<group>";
		};
		98C29D6B28F2EBA30054F286 /* Fonts */ = {
			isa = PBXGroup;
			children = (
				98C29D6C28F2EBBA0054F286 /* EuclidCircularB_Bold.ttf */,
				98C29D6E28F2EBBB0054F286 /* EuclidCircularB_Light.ttf */,
				98C29D7028F2EBBB0054F286 /* EuclidCircularB_Medium.ttf */,
				98C29D6F28F2EBBB0054F286 /* EuclidCircularB_Regular.ttf */,
				98C29D6D28F2EBBA0054F286 /* EuclidCircularB_SemiBold.ttf */,
			);
			path = Fonts;
			sourceTree = "<group>";
		};
		98C29D7628F2EE240054F286 /* Auth */ = {
			isa = PBXGroup;
			children = (
				98C29D7728F2EE3A0054F286 /* PasswordVC.swift */,
				98C29D7928F2EFAE0054F286 /* NameVC.swift */,
			);
			path = Auth;
			sourceTree = "<group>";
		};
		98C29D8728F43B040054F286 /* Models */ = {
			isa = PBXGroup;
			children = (
				98C29D8828F43B130054F286 /* NumberPad.swift */,
				9832040B28F59E1800B24A50 /* MockData.swift */,
				9832041728F70F0700B24A50 /* MyApp.xcdatamodeld */,
				9832043A28F71BBD00B24A50 /* Note+CoreDataClass.swift */,
				9832043B28F71BBD00B24A50 /* Note+CoreDataProperties.swift */,
				9832043C28F71BBD00B24A50 /* Folder+CoreDataClass.swift */,
				9832043D28F71BBD00B24A50 /* Folder+CoreDataProperties.swift */,
			);
			path = Models;
			sourceTree = "<group>";
		};
/* End PBXGroup section */

/* Begin PBXNativeTarget section */
		98C29D3E28F2E9450054F286 /* Notes-Clone */ = {
			isa = PBXNativeTarget;
			buildConfigurationList = 98C29D5328F2E94A0054F286 /* Build configuration list for PBXNativeTarget "Notes-Clone" */;
			buildPhases = (
				98C29D3B28F2E9450054F286 /* Sources */,
				98C29D3C28F2E9450054F286 /* Frameworks */,
				98C29D3D28F2E9450054F286 /* Resources */,
			);
			buildRules = (
			);
			dependencies = (
			);
			name = "Notes-Clone";
			packageProductDependencies = (
				98A3DFEE2909F58A00D055F8 /* BottomSheet */,
			);
			productName = "Notes-Clone";
			productReference = 98C29D3F28F2E9460054F286 /* Notes-Clone.app */;
			productType = "com.apple.product-type.application";
		};
/* End PBXNativeTarget section */

/* Begin PBXProject section */
		98C29D3728F2E9450054F286 /* Project object */ = {
			isa = PBXProject;
			attributes = {
				LastSwiftUpdateCheck = 1250;
				LastUpgradeCheck = 1250;
				TargetAttributes = {
					98C29D3E28F2E9450054F286 = {
						CreatedOnToolsVersion = 12.5.1;
					};
				};
			};
			buildConfigurationList = 98C29D3A28F2E9450054F286 /* Build configuration list for PBXProject "Notes-Clone" */;
			compatibilityVersion = "Xcode 9.3";
			developmentRegion = en;
			hasScannedForEncodings = 0;
			knownRegions = (
				en,
				Base,
			);
			mainGroup = 98C29D3628F2E9450054F286;
			packageReferences = (
				98A3DFED2909F58A00D055F8 /* XCRemoteSwiftPackageReference "BottomSheet" */,
			);
			productRefGroup = 98C29D4028F2E9460054F286 /* Products */;
			projectDirPath = "";
			projectRoot = "";
			targets = (
				98C29D3E28F2E9450054F286 /* Notes-Clone */,
			);
		};
/* End PBXProject section */

/* Begin PBXResourcesBuildPhase section */
		98C29D3D28F2E9450054F286 /* Resources */ = {
			isa = PBXResourcesBuildPhase;
			buildActionMask = 2147483647;
			files = (
				98C29D4F28F2E94A0054F286 /* LaunchScreen.storyboard in Resources */,
				98C29D7328F2EBBB0054F286 /* EuclidCircularB_Light.ttf in Resources */,
				98C29D7528F2EBBB0054F286 /* EuclidCircularB_Medium.ttf in Resources */,
				98C29D7128F2EBBB0054F286 /* EuclidCircularB_Bold.ttf in Resources */,
				98C29D7428F2EBBB0054F286 /* EuclidCircularB_Regular.ttf in Resources */,
				98C29D4C28F2E94A0054F286 /* Assets.xcassets in Resources */,
				98C29D7228F2EBBB0054F286 /* EuclidCircularB_SemiBold.ttf in Resources */,
			);
			runOnlyForDeploymentPostprocessing = 0;
		};
/* End PBXResourcesBuildPhase section */

/* Begin PBXSourcesBuildPhase section */
		98C29D3B28F2E9450054F286 /* Sources */ = {
			isa = PBXSourcesBuildPhase;
			buildActionMask = 2147483647;
			files = (
				98C29D7E28F2F9D70054F286 /* NTextField.swift in Sources */,
				98A3DFF1290AAD1700D055F8 /* FolderOptionsVC.swift in Sources */,
				9832044828F830DF00B24A50 /* FolderViewModel.swift in Sources */,
				987C271D2906B54200A19A97 /* UserDefaultsManager.swift in Sources */,
				98C29D7A28F2EFAE0054F286 /* NameVC.swift in Sources */,
				98C29D6228F2EA790054F286 /* NoteDetailsVC.swift in Sources */,
				98C29D5C28F2EA0B0054F286 /* UIView+Ext.swift in Sources */,
				98C29D8228F41DA70054F286 /* UILabel+Ext.swift in Sources */,
				98C29D8028F41B830054F286 /* NButton.swift in Sources */,
				987C271F2906B72200A19A97 /* String+Ext.swift in Sources */,
				987C271B2902BF2100A19A97 /* AddFloatingButton.swift in Sources */,
				9832044128F71BBD00B24A50 /* Folder+CoreDataProperties.swift in Sources */,
				98C29D7828F2EE3A0054F286 /* PasswordVC.swift in Sources */,
				9832040C28F59E1800B24A50 /* MockData.swift in Sources */,
				98FC0F25290C7CC100158562 /* EditFolderVC.swift in Sources */,
				98C29D6A28F2EB6E0054F286 /* Color.swift in Sources */,
				98C29D4728F2E9460054F286 /* FolderVC.swift in Sources */,
				9832043E28F71BBD00B24A50 /* Note+CoreDataClass.swift in Sources */,
				9832044328F82B0600B24A50 /* FolderService.swift in Sources */,
				9832040F28F59F1300B24A50 /* FolderCell.swift in Sources */,
				989A93BF28F98535007C0979 /* NoteViewModel.swift in Sources */,
				9832041628F701C000B24A50 /* CoreDataManager.swift in Sources */,
				98D50C782901AAA400674DAE /* NoteCollectionCell.swift in Sources */,
				98C29D4328F2E9460054F286 /* AppDelegate.swift in Sources */,
				98C29D8928F43B130054F286 /* NumberPad.swift in Sources */,
				98C29D6828F2EB640054F286 /* Font.swift in Sources */,
				9832044628F82E9D00B24A50 /* Date+Ext.swift in Sources */,
				9832043F28F71BBD00B24A50 /* Note+CoreDataProperties.swift in Sources */,
				98A3DFF5290AC00200D055F8 /* UIButton+Ext.swift in Sources */,
				98C29D8B28F490F60054F286 /* PinImage.swift in Sources */,
				98C29D8628F43AB30054F286 /* NumberPadCell.swift in Sources */,
				98C29D4528F2E9460054F286 /* SceneDelegate.swift in Sources */,
				9832041928F70F0700B24A50 /* MyApp.xcdatamodeld in Sources */,
				989A93BD28F98077007C0979 /* NoteService.swift in Sources */,
				98A3DFF3290AB6C500D055F8 /* FolderOptionCell.swift in Sources */,
				9832044028F71BBD00B24A50 /* Folder+CoreDataClass.swift in Sources */,
				98C29D6028F2EA5C0054F286 /* NotesVC.swift in Sources */,
				98C29D5E28F2EA300054F286 /* AddFolderVC.swift in Sources */,
				98BEA9DE28F89B87001E81A4 /* CategoryTypeCell.swift in Sources */,
			);
			runOnlyForDeploymentPostprocessing = 0;
		};
/* End PBXSourcesBuildPhase section */

/* Begin PBXVariantGroup section */
		98C29D4D28F2E94A0054F286 /* LaunchScreen.storyboard */ = {
			isa = PBXVariantGroup;
			children = (
				98C29D4E28F2E94A0054F286 /* Base */,
			);
			name = LaunchScreen.storyboard;
			sourceTree = "<group>";
		};
/* End PBXVariantGroup section */

/* Begin XCBuildConfiguration section */
		98C29D5128F2E94A0054F286 /* Debug */ = {
			isa = XCBuildConfiguration;
			buildSettings = {
				ALWAYS_SEARCH_USER_PATHS = NO;
				CLANG_ANALYZER_NONNULL = YES;
				CLANG_ANALYZER_NUMBER_OBJECT_CONVERSION = YES_AGGRESSIVE;
				CLANG_CXX_LANGUAGE_STANDARD = "gnu++14";
				CLANG_CXX_LIBRARY = "libc++";
				CLANG_ENABLE_MODULES = YES;
				CLANG_ENABLE_OBJC_ARC = YES;
				CLANG_ENABLE_OBJC_WEAK = YES;
				CLANG_WARN_BLOCK_CAPTURE_AUTORELEASING = YES;
				CLANG_WARN_BOOL_CONVERSION = YES;
				CLANG_WARN_COMMA = YES;
				CLANG_WARN_CONSTANT_CONVERSION = YES;
				CLANG_WARN_DEPRECATED_OBJC_IMPLEMENTATIONS = YES;
				CLANG_WARN_DIRECT_OBJC_ISA_USAGE = YES_ERROR;
				CLANG_WARN_DOCUMENTATION_COMMENTS = YES;
				CLANG_WARN_EMPTY_BODY = YES;
				CLANG_WARN_ENUM_CONVERSION = YES;
				CLANG_WARN_INFINITE_RECURSION = YES;
				CLANG_WARN_INT_CONVERSION = YES;
				CLANG_WARN_NON_LITERAL_NULL_CONVERSION = YES;
				CLANG_WARN_OBJC_IMPLICIT_RETAIN_SELF = YES;
				CLANG_WARN_OBJC_LITERAL_CONVERSION = YES;
				CLANG_WARN_OBJC_ROOT_CLASS = YES_ERROR;
				CLANG_WARN_QUOTED_INCLUDE_IN_FRAMEWORK_HEADER = YES;
				CLANG_WARN_RANGE_LOOP_ANALYSIS = YES;
				CLANG_WARN_STRICT_PROTOTYPES = YES;
				CLANG_WARN_SUSPICIOUS_MOVE = YES;
				CLANG_WARN_UNGUARDED_AVAILABILITY = YES_AGGRESSIVE;
				CLANG_WARN_UNREACHABLE_CODE = YES;
				CLANG_WARN__DUPLICATE_METHOD_MATCH = YES;
				COPY_PHASE_STRIP = NO;
				DEBUG_INFORMATION_FORMAT = dwarf;
				ENABLE_STRICT_OBJC_MSGSEND = YES;
				ENABLE_TESTABILITY = YES;
				GCC_C_LANGUAGE_STANDARD = gnu11;
				GCC_DYNAMIC_NO_PIC = NO;
				GCC_NO_COMMON_BLOCKS = YES;
				GCC_OPTIMIZATION_LEVEL = 0;
				GCC_PREPROCESSOR_DEFINITIONS = (
					"DEBUG=1",
					"$(inherited)",
				);
				GCC_WARN_64_TO_32_BIT_CONVERSION = YES;
				GCC_WARN_ABOUT_RETURN_TYPE = YES_ERROR;
				GCC_WARN_UNDECLARED_SELECTOR = YES;
				GCC_WARN_UNINITIALIZED_AUTOS = YES_AGGRESSIVE;
				GCC_WARN_UNUSED_FUNCTION = YES;
				GCC_WARN_UNUSED_VARIABLE = YES;
				IPHONEOS_DEPLOYMENT_TARGET = 14.5;
				MTL_ENABLE_DEBUG_INFO = INCLUDE_SOURCE;
				MTL_FAST_MATH = YES;
				ONLY_ACTIVE_ARCH = YES;
				SDKROOT = iphoneos;
				SWIFT_ACTIVE_COMPILATION_CONDITIONS = DEBUG;
				SWIFT_OPTIMIZATION_LEVEL = "-Onone";
			};
			name = Debug;
		};
		98C29D5228F2E94A0054F286 /* Release */ = {
			isa = XCBuildConfiguration;
			buildSettings = {
				ALWAYS_SEARCH_USER_PATHS = NO;
				CLANG_ANALYZER_NONNULL = YES;
				CLANG_ANALYZER_NUMBER_OBJECT_CONVERSION = YES_AGGRESSIVE;
				CLANG_CXX_LANGUAGE_STANDARD = "gnu++14";
				CLANG_CXX_LIBRARY = "libc++";
				CLANG_ENABLE_MODULES = YES;
				CLANG_ENABLE_OBJC_ARC = YES;
				CLANG_ENABLE_OBJC_WEAK = YES;
				CLANG_WARN_BLOCK_CAPTURE_AUTORELEASING = YES;
				CLANG_WARN_BOOL_CONVERSION = YES;
				CLANG_WARN_COMMA = YES;
				CLANG_WARN_CONSTANT_CONVERSION = YES;
				CLANG_WARN_DEPRECATED_OBJC_IMPLEMENTATIONS = YES;
				CLANG_WARN_DIRECT_OBJC_ISA_USAGE = YES_ERROR;
				CLANG_WARN_DOCUMENTATION_COMMENTS = YES;
				CLANG_WARN_EMPTY_BODY = YES;
				CLANG_WARN_ENUM_CONVERSION = YES;
				CLANG_WARN_INFINITE_RECURSION = YES;
				CLANG_WARN_INT_CONVERSION = YES;
				CLANG_WARN_NON_LITERAL_NULL_CONVERSION = YES;
				CLANG_WARN_OBJC_IMPLICIT_RETAIN_SELF = YES;
				CLANG_WARN_OBJC_LITERAL_CONVERSION = YES;
				CLANG_WARN_OBJC_ROOT_CLASS = YES_ERROR;
				CLANG_WARN_QUOTED_INCLUDE_IN_FRAMEWORK_HEADER = YES;
				CLANG_WARN_RANGE_LOOP_ANALYSIS = YES;
				CLANG_WARN_STRICT_PROTOTYPES = YES;
				CLANG_WARN_SUSPICIOUS_MOVE = YES;
				CLANG_WARN_UNGUARDED_AVAILABILITY = YES_AGGRESSIVE;
				CLANG_WARN_UNREACHABLE_CODE = YES;
				CLANG_WARN__DUPLICATE_METHOD_MATCH = YES;
				COPY_PHASE_STRIP = NO;
				DEBUG_INFORMATION_FORMAT = "dwarf-with-dsym";
				ENABLE_NS_ASSERTIONS = NO;
				ENABLE_STRICT_OBJC_MSGSEND = YES;
				GCC_C_LANGUAGE_STANDARD = gnu11;
				GCC_NO_COMMON_BLOCKS = YES;
				GCC_WARN_64_TO_32_BIT_CONVERSION = YES;
				GCC_WARN_ABOUT_RETURN_TYPE = YES_ERROR;
				GCC_WARN_UNDECLARED_SELECTOR = YES;
				GCC_WARN_UNINITIALIZED_AUTOS = YES_AGGRESSIVE;
				GCC_WARN_UNUSED_FUNCTION = YES;
				GCC_WARN_UNUSED_VARIABLE = YES;
				IPHONEOS_DEPLOYMENT_TARGET = 14.5;
				MTL_ENABLE_DEBUG_INFO = NO;
				MTL_FAST_MATH = YES;
				SDKROOT = iphoneos;
				SWIFT_COMPILATION_MODE = wholemodule;
				SWIFT_OPTIMIZATION_LEVEL = "-O";
				VALIDATE_PRODUCT = YES;
			};
			name = Release;
		};
		98C29D5428F2E94A0054F286 /* Debug */ = {
			isa = XCBuildConfiguration;
			buildSettings = {
				ASSETCATALOG_COMPILER_APPICON_NAME = AppIcon;
				ASSETCATALOG_COMPILER_GLOBAL_ACCENT_COLOR_NAME = AccentColor;
				CODE_SIGN_STYLE = Automatic;
				DEVELOPMENT_TEAM = 445LZL99JS;
				INFOPLIST_FILE = "Notes-Clone/Info.plist";
				IPHONEOS_DEPLOYMENT_TARGET = 14.1;
				LD_RUNPATH_SEARCH_PATHS = (
					"$(inherited)",
					"@executable_path/Frameworks",
				);
				PRODUCT_BUNDLE_IDENTIFIER = "Projects.Notes-Clone";
				PRODUCT_NAME = "$(TARGET_NAME)";
				SWIFT_VERSION = 5.0;
				TARGETED_DEVICE_FAMILY = 1;
			};
			name = Debug;
		};
		98C29D5528F2E94A0054F286 /* Release */ = {
			isa = XCBuildConfiguration;
			buildSettings = {
				ASSETCATALOG_COMPILER_APPICON_NAME = AppIcon;
				ASSETCATALOG_COMPILER_GLOBAL_ACCENT_COLOR_NAME = AccentColor;
				CODE_SIGN_STYLE = Automatic;
				DEVELOPMENT_TEAM = 445LZL99JS;
				INFOPLIST_FILE = "Notes-Clone/Info.plist";
				IPHONEOS_DEPLOYMENT_TARGET = 14.1;
				LD_RUNPATH_SEARCH_PATHS = (
					"$(inherited)",
					"@executable_path/Frameworks",
				);
				PRODUCT_BUNDLE_IDENTIFIER = "Projects.Notes-Clone";
				PRODUCT_NAME = "$(TARGET_NAME)";
				SWIFT_VERSION = 5.0;
				TARGETED_DEVICE_FAMILY = 1;
			};
			name = Release;
		};
/* End XCBuildConfiguration section */

/* Begin XCConfigurationList section */
		98C29D3A28F2E9450054F286 /* Build configuration list for PBXProject "Notes-Clone" */ = {
			isa = XCConfigurationList;
			buildConfigurations = (
				98C29D5128F2E94A0054F286 /* Debug */,
				98C29D5228F2E94A0054F286 /* Release */,
			);
			defaultConfigurationIsVisible = 0;
			defaultConfigurationName = Release;
		};
		98C29D5328F2E94A0054F286 /* Build configuration list for PBXNativeTarget "Notes-Clone" */ = {
			isa = XCConfigurationList;
			buildConfigurations = (
				98C29D5428F2E94A0054F286 /* Debug */,
				98C29D5528F2E94A0054F286 /* Release */,
			);
			defaultConfigurationIsVisible = 0;
			defaultConfigurationName = Release;
		};
/* End XCConfigurationList section */

/* Begin XCRemoteSwiftPackageReference section */
		98A3DFED2909F58A00D055F8 /* XCRemoteSwiftPackageReference "BottomSheet" */ = {
			isa = XCRemoteSwiftPackageReference;
			repositoryURL = "https://github.com/joomcode/BottomSheet";
			requirement = {
				kind = upToNextMajorVersion;
				minimumVersion = 2.0.1;
			};
		};
/* End XCRemoteSwiftPackageReference section */

/* Begin XCSwiftPackageProductDependency section */
		98A3DFEE2909F58A00D055F8 /* BottomSheet */ = {
			isa = XCSwiftPackageProductDependency;
			package = 98A3DFED2909F58A00D055F8 /* XCRemoteSwiftPackageReference "BottomSheet" */;
			productName = BottomSheet;
		};
/* End XCSwiftPackageProductDependency section */

/* Begin XCVersionGroup section */
		9832041728F70F0700B24A50 /* MyApp.xcdatamodeld */ = {
			isa = XCVersionGroup;
			children = (
				9832041828F70F0700B24A50 /* MyApp.xcdatamodel */,
			);
			currentVersion = 9832041828F70F0700B24A50 /* MyApp.xcdatamodel */;
			path = MyApp.xcdatamodeld;
			sourceTree = "<group>";
			versionGroupType = wrapper.xcdatamodel;
		};
/* End XCVersionGroup section */
	};
	rootObject = 98C29D3728F2E9450054F286 /* Project object */;
}
